
Microsoft Visual Studio Solution File, Format Version 12.00
# Visual Studio Version 17
VisualStudioVersion = 17.5.33530.505
MinimumVisualStudioVersion = 10.0.40219.1
Project("{9A19103F-16F7-4668-BE54-9A1E7A4F7556}") = "Domain", "Domain\Domain.csproj", "{E37175AA-C02D-4379-8931-175751FB9E7C}"
	ProjectSection(ProjectDependencies) = postProject
		{6808CB80-3745-46E5-8F09-00C5AE3F6077} = {6808CB80-3745-46E5-8F09-00C5AE3F6077}
	EndProjectSection
EndProject
Project("{9A19103F-16F7-4668-BE54-9A1E7A4F7556}") = "Xunit.Test.Project", "xunit.test.project\Xunit.Test.Project.csproj", "{5E706BF7-7095-4DA6-879A-8E230CC84E80}"
	ProjectSection(ProjectDependencies) = postProject
		{E37175AA-C02D-4379-8931-175751FB9E7C} = {E37175AA-C02D-4379-8931-175751FB9E7C}
	EndProjectSection
EndProject
Project("{9A19103F-16F7-4668-BE54-9A1E7A4F7556}") = "Repository", "Repository\Repository.csproj", "{FE78B085-F7AE-42D4-A855-7F0663E58044}"
	ProjectSection(ProjectDependencies) = postProject
		{E37175AA-C02D-4379-8931-175751FB9E7C} = {E37175AA-C02D-4379-8931-175751FB9E7C}
	EndProjectSection
EndProject
Project("{2150E333-8FDC-42A3-9474-1A3956D46DE8}") = "Solution Items", "Solution Items", "{E5B92FE2-DCD7-4675-85B3-E367EB0C7375}"
	ProjectSection(SolutionItems) = preProject
		.editorconfig = .editorconfig
		generate_coverage_report.ps1 = generate_coverage_report.ps1
	EndProjectSection
EndProject
Project("{9A19103F-16F7-4668-BE54-9A1E7A4F7556}") = "Infrastructure", "Infrastructure\Infrastructure.csproj", "{BAEB442A-1CAA-4958-992B-DDCD9AC50379}"
EndProject
Project("{9A19103F-16F7-4668-BE54-9A1E7A4F7556}") = "Migrations_SqlServer", "Migrations_SqlServer\Migrations_SqlServer.csproj", "{A0B36B13-94B8-4509-97F7-1ACEC352DE22}"
EndProject
Project("{9A19103F-16F7-4668-BE54-9A1E7A4F7556}") = "Migrations_MySqlServer", "Migrations_MySqlServer\Migrations_MySqlServer.csproj", "{2BBCC98F-4E9A-4F10-B5E2-70EEDFE99664}"
	ProjectSection(ProjectDependencies) = postProject
		{BAEB442A-1CAA-4958-992B-DDCD9AC50379} = {BAEB442A-1CAA-4958-992B-DDCD9AC50379}
	EndProjectSection
EndProject
Project("{2150E333-8FDC-42A3-9474-1A3956D46DE8}") = ".documents", ".documents", "{0EA1D342-20E9-4789-A90A-1E362A8E252B}"
	ProjectSection(SolutionItems) = preProject
		ExampleOpenAPI.cs = ExampleOpenAPI.cs
		migrations.txt = migrations.txt
		Domain\.documents\DDD Course OREILLY\README.md = Domain\.documents\DDD Course OREILLY\README.md
	EndProjectSection
EndProject
Project("{2150E333-8FDC-42A3-9474-1A3956D46DE8}") = "1 - Aula 2023-11-18", "1 - Aula 2023-11-18", "{89C28CE8-969E-4FCA-9C55-7C5F65C14021}"
	ProjectSection(SolutionItems) = preProject
		Domain\.documents\1 - Aula 2023-11-18\DDD.md = Domain\.documents\1 - Aula 2023-11-18\DDD.md
		Domain\.documents\1 - Aula 2023-11-18\git_initial_commands = Domain\.documents\1 - Aula 2023-11-18\git_initial_commands
	EndProjectSection
EndProject
Project("{2150E333-8FDC-42A3-9474-1A3956D46DE8}") = "2- Aula  2023-11-25", "2- Aula  2023-11-25", "{E8DE01EA-D4A5-4821-B5FF-642D45BC5480}"
	ProjectSection(SolutionItems) = preProject
		Domain\.documents\2- Aula  2023-11-25\DiagramaClasse_Alex.jpg = Domain\.documents\2- Aula  2023-11-25\DiagramaClasse_Alex.jpg
		Domain\.documents\2- Aula  2023-11-25\diagrama_Classe_2.png = Domain\.documents\2- Aula  2023-11-25\diagrama_Classe_2.png
		Domain\.documents\2- Aula  2023-11-25\Tecnologia.NETMinimundo.txt = Domain\.documents\2- Aula  2023-11-25\Tecnologia.NETMinimundo.txt
	EndProjectSection
EndProject
Project("{2150E333-8FDC-42A3-9474-1A3956D46DE8}") = "DDD Course OREILLY", "DDD Course OREILLY", "{5AA101AF-6DE9-4322-A799-834E61AEF49E}"
EndProject
Project("{9A19103F-16F7-4668-BE54-9A1E7A4F7556}") = "Integration_PIX_Adapter", "Integration.PIX.Adapeter\Integration_PIX_Adapter.csproj", "{6808CB80-3745-46E5-8F09-00C5AE3F6077}"
EndProject
Global
	GlobalSection(SolutionConfigurationPlatforms) = preSolution
		Debug|Any CPU = Debug|Any CPU
		Release|Any CPU = Release|Any CPU
	EndGlobalSection
	GlobalSection(ProjectConfigurationPlatforms) = postSolution
		{E37175AA-C02D-4379-8931-175751FB9E7C}.Debug|Any CPU.ActiveCfg = Debug|Any CPU
		{E37175AA-C02D-4379-8931-175751FB9E7C}.Debug|Any CPU.Build.0 = Debug|Any CPU
		{E37175AA-C02D-4379-8931-175751FB9E7C}.Release|Any CPU.ActiveCfg = Release|Any CPU
		{E37175AA-C02D-4379-8931-175751FB9E7C}.Release|Any CPU.Build.0 = Release|Any CPU
		{5E706BF7-7095-4DA6-879A-8E230CC84E80}.Debug|Any CPU.ActiveCfg = Debug|Any CPU
		{5E706BF7-7095-4DA6-879A-8E230CC84E80}.Debug|Any CPU.Build.0 = Debug|Any CPU
		{5E706BF7-7095-4DA6-879A-8E230CC84E80}.Release|Any CPU.ActiveCfg = Release|Any CPU
		{5E706BF7-7095-4DA6-879A-8E230CC84E80}.Release|Any CPU.Build.0 = Release|Any CPU
		{FE78B085-F7AE-42D4-A855-7F0663E58044}.Debug|Any CPU.ActiveCfg = Debug|Any CPU
		{FE78B085-F7AE-42D4-A855-7F0663E58044}.Debug|Any CPU.Build.0 = Debug|Any CPU
		{FE78B085-F7AE-42D4-A855-7F0663E58044}.Release|Any CPU.ActiveCfg = Release|Any CPU
		{FE78B085-F7AE-42D4-A855-7F0663E58044}.Release|Any CPU.Build.0 = Release|Any CPU
		{BAEB442A-1CAA-4958-992B-DDCD9AC50379}.Debug|Any CPU.ActiveCfg = Debug|Any CPU
		{BAEB442A-1CAA-4958-992B-DDCD9AC50379}.Debug|Any CPU.Build.0 = Debug|Any CPU
		{BAEB442A-1CAA-4958-992B-DDCD9AC50379}.Release|Any CPU.ActiveCfg = Release|Any CPU
		{BAEB442A-1CAA-4958-992B-DDCD9AC50379}.Release|Any CPU.Build.0 = Release|Any CPU
		{A0B36B13-94B8-4509-97F7-1ACEC352DE22}.Debug|Any CPU.ActiveCfg = Debug|Any CPU
		{A0B36B13-94B8-4509-97F7-1ACEC352DE22}.Debug|Any CPU.Build.0 = Debug|Any CPU
		{A0B36B13-94B8-4509-97F7-1ACEC352DE22}.Release|Any CPU.ActiveCfg = Release|Any CPU
		{A0B36B13-94B8-4509-97F7-1ACEC352DE22}.Release|Any CPU.Build.0 = Release|Any CPU
		{2BBCC98F-4E9A-4F10-B5E2-70EEDFE99664}.Debug|Any CPU.ActiveCfg = Debug|Any CPU
		{2BBCC98F-4E9A-4F10-B5E2-70EEDFE99664}.Debug|Any CPU.Build.0 = Debug|Any CPU
		{2BBCC98F-4E9A-4F10-B5E2-70EEDFE99664}.Release|Any CPU.ActiveCfg = Release|Any CPU
		{2BBCC98F-4E9A-4F10-B5E2-70EEDFE99664}.Release|Any CPU.Build.0 = Release|Any CPU
		{6808CB80-3745-46E5-8F09-00C5AE3F6077}.Debug|Any CPU.ActiveCfg = Debug|Any CPU
		{6808CB80-3745-46E5-8F09-00C5AE3F6077}.Debug|Any CPU.Build.0 = Debug|Any CPU
		{6808CB80-3745-46E5-8F09-00C5AE3F6077}.Release|Any CPU.ActiveCfg = Release|Any CPU
		{6808CB80-3745-46E5-8F09-00C5AE3F6077}.Release|Any CPU.Build.0 = Release|Any CPU
	EndGlobalSection
	GlobalSection(SolutionProperties) = preSolution
		HideSolutionNode = FALSE
	EndGlobalSection
	GlobalSection(NestedProjects) = preSolution
		{0EA1D342-20E9-4789-A90A-1E362A8E252B} = {E5B92FE2-DCD7-4675-85B3-E367EB0C7375}
		{89C28CE8-969E-4FCA-9C55-7C5F65C14021} = {0EA1D342-20E9-4789-A90A-1E362A8E252B}
		{E8DE01EA-D4A5-4821-B5FF-642D45BC5480} = {0EA1D342-20E9-4789-A90A-1E362A8E252B}
		{5AA101AF-6DE9-4322-A799-834E61AEF49E} = {0EA1D342-20E9-4789-A90A-1E362A8E252B}
	EndGlobalSection
	GlobalSection(ExtensibilityGlobals) = postSolution
		SolutionGuid = {B568D506-4D7F-4382-B4C7-41F243F7C5D0}
	EndGlobalSection
EndGlobal
